
Microsoft Visual Studio Solution File, Format Version 12.00
# Visual Studio 14
VisualStudioVersion = 14.0.23107.0
MinimumVisualStudioVersion = 10.0.40219.1
Project("{FAE04EC0-301F-11D3-BF4B-00C04F79EFBC}") = "UI", "Circles\UI.csproj", "{8CE60322-60C2-4E54-832F-E9443154A80C}"
EndProject
Project("{FAE04EC0-301F-11D3-BF4B-00C04F79EFBC}") = "core", "core\core.csproj", "{3E255345-C02D-415D-8A81-DDD467C5C7CF}"
EndProject
Global
	GlobalSection(SolutionConfigurationPlatforms) = preSolution
		Debug|Any CPU = Debug|Any CPU
		Release|Any CPU = Release|Any CPU
	EndGlobalSection
	GlobalSection(ProjectConfigurationPlatforms) = postSolution
		{8CE60322-60C2-4E54-832F-E9443154A80C}.Debug|Any CPU.ActiveCfg = Debug|Any CPU
		{8CE60322-60C2-4E54-832F-E9443154A80C}.Debug|Any CPU.Build.0 = Debug|Any CPU
		{8CE60322-60C2-4E54-832F-E9443154A80C}.Release|Any CPU.ActiveCfg = Release|Any CPU
		{8CE60322-60C2-4E54-832F-E9443154A80C}.Release|Any CPU.Build.0 = Release|Any CPU
		{3E255345-C02D-415D-8A81-DDD467C5C7CF}.Debug|Any CPU.ActiveCfg = Debug|Any CPU
		{3E255345-C02D-415D-8A81-DDD467C5C7CF}.Debug|Any CPU.Build.0 = Debug|Any CPU
		{3E255345-C02D-415D-8A81-DDD467C5C7CF}.Release|Any CPU.ActiveCfg = Release|Any CPU
		{3E255345-C02D-415D-8A81-DDD467C5C7CF}.Release|Any CPU.Build.0 = Release|Any CPU
	EndGlobalSection
	GlobalSection(SolutionProperties) = preSolution
		HideSolutionNode = FALSE
	EndGlobalSection
EndGlobal
